<?xml version="1.0" encoding="utf-8"?>
<Project ToolsVersion="4.0" xmlns="http://schemas.microsoft.com/developer/msbuild/2003">
  <ItemGroup>
    <Filter Include="Source Files">
      <UniqueIdentifier>{4FC737F1-C7A5-4376-A066-2A32D752A2FF}</UniqueIdentifier>
      <Extensions>qml;cpp;c;cc;cxx;def;odl;idl;hpj;bat;asm;asmx</Extensions>
    </Filter>
    <Filter Include="Header Files">
      <UniqueIdentifier>{93995380-89BD-4b04-88EB-625FBE52EBFB}</UniqueIdentifier>
      <Extensions>h;hh;hpp;hxx;hm;inl;inc;xsd</Extensions>
    </Filter>
    <Filter Include="Resource Files">
      <UniqueIdentifier>{67DA6AB6-F800-4c08-8B7A-83BB121AAD01}</UniqueIdentifier>
      <Extensions>qrc;rc;ico;cur;bmp;dlg;rc2;rct;bin;rgs;gif;jpg;jpeg;jpe;resx;tiff;tif;png;wav;mfcribbon-ms</Extensions>
    </Filter>
    <Filter Include="Form Files">
      <UniqueIdentifier>{99349809-55BA-4b9d-BF79-8FDBB0286EB3}</UniqueIdentifier>
      <Extensions>ui</Extensions>
    </Filter>
    <Filter Include="Translation Files">
      <UniqueIdentifier>{639EADAA-A684-42e4-A9AD-28FC9BCB8F7C}</UniqueIdentifier>
      <Extensions>ts</Extensions>
    </Filter>
  </ItemGroup>
  <ItemGroup>
    <QtRcc Include="LogisticsSystem.qrc">
      <Filter>Resource Files</Filter>
    </QtRcc>
    <QtUic Include="LogisticsSystem.ui">
      <Filter>Form Files</Filter>
    </QtUic>
  </ItemGroup>
  <ItemGroup>
    <ClCompile Include="main.cpp">
      <Filter>Source Files</Filter>
    </ClCompile>
    <ClCompile Include="Core\DocumentGeneration\Generator.cpp">
      <Filter>Source Files</Filter>
    </ClCompile>
    <ClCompile Include="Core\DocumentGeneration\ReceiptBuilder.cpp">
      <Filter>Source Files</Filter>
    </ClCompile>
    <ClCompile Include="Core\DocumentGeneration\WaybillBuilder.cpp">
      <Filter>Source Files</Filter>
    </ClCompile>
    <ClCompile Include="Core\Entities\Client.cpp">
      <Filter>Source Files</Filter>
    </ClCompile>
    <ClCompile Include="Core\Entities\Driver.cpp">
      <Filter>Source Files</Filter>
    </ClCompile>
    <ClCompile Include="Core\Entities\Order.cpp">
      <Filter>Source Files</Filter>
    </ClCompile>
    <ClCompile Include="Core\Services\Analyzer.cpp">
      <Filter>Source Files</Filter>
    </ClCompile>
    <ClCompile Include="Core\Services\Calculator.cpp">
      <Filter>Source Files</Filter>
    </ClCompile>
    <ClCompile Include="Core\Services\Coordinator.cpp">
      <Filter>Source Files</Filter>
    </ClCompile>
    <ClCompile Include="Core\Services\Notifier.cpp">
      <Filter>Source Files</Filter>
    </ClCompile>
    <ClCompile Include="Core\Services\OrderHandler.cpp">
      <Filter>Source Files</Filter>
    </ClCompile>
    <ClCompile Include="Core\Services\Planner.cpp">
      <Filter>Source Files</Filter>
    </ClCompile>
    <ClCompile Include="Core\Services\Server.cpp">
      <Filter>Source Files</Filter>
    </ClCompile>
    <ClCompile Include="Core\Services\Tracker.cpp">
      <Filter>Source Files</Filter>
    </ClCompile>
    <ClCompile Include="GUI\AppInterface.cpp">
      <Filter>Source Files</Filter>
    </ClCompile>
    <ClCompile Include="GUI\MainWindow.cpp">
      <Filter>Source Files</Filter>
    </ClCompile>
  </ItemGroup>
  <ItemGroup>
    <ClInclude Include="Core\DocumentGeneration\Generator.h">
      <Filter>Header Files</Filter>
    </ClInclude>
    <ClInclude Include="Core\DocumentGeneration\ReceiptBuilder.h">
      <Filter>Header Files</Filter>
    </ClInclude>
    <ClInclude Include="Core\DocumentGeneration\WaybillBuilder.h">
      <Filter>Header Files</Filter>
    </ClInclude>
    <ClInclude Include="Core\Entities\Client.h">
      <Filter>Header Files</Filter>
    </ClInclude>
    <ClInclude Include="Core\Entities\Driver.h">
      <Filter>Header Files</Filter>
    </ClInclude>
    <ClInclude Include="Core\Entities\Order.h">
      <Filter>Header Files</Filter>
    </ClInclude>
    <ClInclude Include="Core\Interfaces\IDocBuilder.h">
      <Filter>Header Files</Filter>
    </ClInclude>
    <ClInclude Include="Core\Interfaces\IObserver.h">
      <Filter>Header Files</Filter>
    </ClInclude>
    <ClInclude Include="Core\Interfaces\IUser.h">
      <Filter>Header Files</Filter>
    </ClInclude>
    <ClInclude Include="Core\Services\Analyzer.h">
      <Filter>Header Files</Filter>
    </ClInclude>
    <ClInclude Include="Core\Services\Calculator.h">
      <Filter>Header Files</Filter>
    </ClInclude>
    <ClInclude Include="Core\Services\Coordinator.h">
      <Filter>Header Files</Filter>
    </ClInclude>
    <ClInclude Include="Core\Services\OrderHandler.h">
      <Filter>Header Files</Filter>
    </ClInclude>
    <ClInclude Include="Core\Services\Planner.h">
      <Filter>Header Files</Filter>
    </ClInclude>
    <ClInclude Include="Core\Services\Server — копия (7).h">
      <Filter>Header Files</Filter>
    </ClInclude>
    <ClInclude Include="Core\Services\Server.h">
      <Filter>Header Files</Filter>
    </ClInclude>
    <ClInclude Include="Core\Services\Tracker.h">
      <Filter>Header Files</Filter>
    </ClInclude>
    <ClInclude Include="GUI\AppInterface.h">
      <Filter>Header Files</Filter>
    </ClInclude>
    <ClInclude Include="Core\Services\Notifier.h">
      <Filter>Header Files</Filter>
    </ClInclude>
    <ClInclude Include="Core\Interfaces\ISubject.h">
      <Filter>Header Files</Filter>
    </ClInclude>
  </ItemGroup>
  <ItemGroup>
    <QtMoc Include="GUI\MainWindow.h">
      <Filter>Header Files</Filter>
    </QtMoc>
  </ItemGroup>
</Project>